
Microsoft Visual Studio Solution File, Format Version 12.00
# Visual Studio Version 16
VisualStudioVersion = 16.0.30804.86
MinimumVisualStudioVersion = 10.0.40219.1
Project("{FAE04EC0-301F-11D3-BF4B-00C04F79EFBC}") = "FreedomIT", "FreedomIT.csproj", "{60EA7EFD-406F-4A72-8EDB-BBEDA9D0909D}"
EndProject
Global
	GlobalSection(SolutionConfigurationPlatforms) = preSolution
		Debug|Any CPU = Debug|Any CPU
		Release|Any CPU = Release|Any CPU
	EndGlobalSection
	GlobalSection(ProjectConfigurationPlatforms) = postSolution
		{60EA7EFD-406F-4A72-8EDB-BBEDA9D0909D}.Debug|Any CPU.ActiveCfg = Debug|Any CPU
		{60EA7EFD-406F-4A72-8EDB-BBEDA9D0909D}.Debug|Any CPU.Build.0 = Debug|Any CPU
		{60EA7EFD-406F-4A72-8EDB-BBEDA9D0909D}.Release|Any CPU.ActiveCfg = Release|Any CPU
		{60EA7EFD-406F-4A72-8EDB-BBEDA9D0909D}.Release|Any CPU.Build.0 = Release|Any CPU
	EndGlobalSection
	GlobalSection(SolutionProperties) = preSolution
		HideSolutionNode = FALSE
	EndGlobalSection
	GlobalSection(ExtensibilityGlobals) = postSolution
		SolutionGuid = {819D148F-6ECE-4B78-993E-0C2A931B4AD5}
	EndGlobalSection
EndGlobal
